
Microsoft Visual Studio Solution File, Format Version 12.00
Project("{FAE04EC0-301F-11D3-BF4B-00C04F79EFBC}") = "eUseControl.Web", "eUseControl.Web\eUseControl.Web.csproj", "{EDA4A880-2A78-4D4A-B60E-A830A5450322}"
EndProject
Global
	GlobalSection(SolutionConfigurationPlatforms) = preSolution
		Debug|Any CPU = Debug|Any CPU
		Release|Any CPU = Release|Any CPU
	EndGlobalSection
	GlobalSection(ProjectConfigurationPlatforms) = postSolution
		{EDA4A880-2A78-4D4A-B60E-A830A5450322}.Debug|Any CPU.ActiveCfg = Debug|Any CPU
		{EDA4A880-2A78-4D4A-B60E-A830A5450322}.Debug|Any CPU.Build.0 = Debug|Any CPU
		{EDA4A880-2A78-4D4A-B60E-A830A5450322}.Release|Any CPU.ActiveCfg = Release|Any CPU
		{EDA4A880-2A78-4D4A-B60E-A830A5450322}.Release|Any CPU.Build.0 = Release|Any CPU
	EndGlobalSection
EndGlobal
